{
    "_readme": [
        "This file locks the dependencies of your project to a known state",
        "Read more about it at https://getcomposer.org/doc/01-basic-usage.md#composer-lock-the-lock-file",
        "This file is @generated automatically"
    ],
    "hash": "3300646905ed0a41add3e122c3cc8c4b",
    "packages": [
        {
            "name": "dg/rss-php",
            "version": "v1.1",
            "source": {
                "type": "git",
                "url": "https://github.com/dg/rss-php.git",
                "reference": "da0307f86bacc89cb6ba0e651e5deb5e92d6abdb"
            },
            "dist": {
                "type": "zip",
                "url": "https://api.github.com/repos/dg/rss-php/zipball/da0307f86bacc89cb6ba0e651e5deb5e92d6abdb",
                "reference": "da0307f86bacc89cb6ba0e651e5deb5e92d6abdb",
                "shasum": ""
            },
            "type": "library",
            "autoload": {
                "classmap": [
                    "src/"
                ]
            },
            "notification-url": "https://packagist.org/downloads/",
            "license": [
                "BSD-3"
            ],
            "authors": [
                {
                    "name": "David Grudl",
                    "homepage": "http://davidgrudl.com"
                }
            ],
            "description": "RSS & Atom Feeds for PHP is a very small and easy-to-use library for consuming an RSS and Atom feed.",
            "homepage": "https://github.com/dg/rss-php",
            "keywords": [
                "atom",
                "feed",
                "rss"
            ],
            "time": "2014-01-17 17:12:40"
        },
        {
            "name": "heidilabs/markov-php",
            "version": "0.4",
            "source": {
                "type": "git",
                "url": "https://github.com/heidilabs/markov-php.git",
                "reference": "288d5722b0e333fc1acd77df98c7e085b0acb7ac"
            },
            "dist": {
                "type": "zip",
                "url": "https://api.github.com/repos/heidilabs/markov-php/zipball/288d5722b0e333fc1acd77df98c7e085b0acb7ac",
                "reference": "288d5722b0e333fc1acd77df98c7e085b0acb7ac",
                "shasum": ""
            },
            "type": "library",
            "autoload": {
                "psr-0": {
                    "": "src/"
                }
            },
            "notification-url": "https://packagist.org/downloads/",
            "license": [
                "MIT"
            ],
            "authors": [
                {
                    "name": "Erika Heidi",
                    "email": "erika@erikaheidi.com"
                }
            ],
            "description": "A simple markov chain experiment",
            "homepage": "https://github.com/heidilabs/markov-php",
            "keywords": [
                "markov"
            ],
            "time": "2015-06-04 11:47:54"
        },
        {
            "name": "pimple/pimple",
            "version": "v3.0.0",
            "source": {
                "type": "git",
                "url": "https://github.com/silexphp/Pimple.git",
                "reference": "876bf0899d01feacd2a2e83f04641e51350099ef"
            },
            "dist": {
                "type": "zip",
                "url": "https://api.github.com/repos/silexphp/Pimple/zipball/876bf0899d01feacd2a2e83f04641e51350099ef",
                "reference": "876bf0899d01feacd2a2e83f04641e51350099ef",
                "shasum": ""
            },
            "require": {
                "php": ">=5.3.0"
            },
            "type": "library",
            "extra": {
                "branch-alias": {
                    "dev-master": "3.0.x-dev"
                }
            },
            "autoload": {
                "psr-0": {
                    "Pimple": "src/"
                }
            },
            "notification-url": "https://packagist.org/downloads/",
            "license": [
                "MIT"
            ],
            "authors": [
                {
                    "name": "Fabien Potencier",
                    "email": "fabien@symfony.com"
                }
            ],
            "description": "Pimple is a simple Dependency Injection Container for PHP 5.3",
            "homepage": "http://pimple.sensiolabs.org",
            "keywords": [
                "container",
                "dependency injection"
            ],
            "time": "2014-07-24 09:48:15"
        },
        {
            "name": "symfony/console",
            "version": "v2.6.9",
            "target-dir": "Symfony/Component/Console",
            "source": {
                "type": "git",
                "url": "https://github.com/symfony/Console.git",
                "reference": "b5ec0c11a204718f2b656357f5505a8e578f30dd"
            },
            "dist": {
                "type": "zip",
                "url": "https://api.github.com/repos/symfony/Console/zipball/b5ec0c11a204718f2b656357f5505a8e578f30dd",
                "reference": "b5ec0c11a204718f2b656357f5505a8e578f30dd",
                "shasum": ""
            },
            "require": {
                "php": ">=5.3.3"
            },
            "require-dev": {
                "psr/log": "~1.0",
                "symfony/event-dispatcher": "~2.1",
                "symfony/phpunit-bridge": "~2.7",
                "symfony/process": "~2.1"
            },
            "suggest": {
                "psr/log": "For using the console logger",
                "symfony/event-dispatcher": "",
                "symfony/process": ""
            },
            "type": "library",
            "extra": {
                "branch-alias": {
                    "dev-master": "2.6-dev"
                }
            },
            "autoload": {
                "psr-0": {
                    "Symfony\\Component\\Console\\": ""
                }
            },
            "notification-url": "https://packagist.org/downloads/",
            "license": [
                "MIT"
            ],
            "authors": [
                {
                    "name": "Fabien Potencier",
                    "email": "fabien@symfony.com"
                },
                {
                    "name": "Symfony Community",
                    "homepage": "https://symfony.com/contributors"
                }
            ],
            "description": "Symfony Console Component",
            "homepage": "https://symfony.com",
            "time": "2015-05-29 14:42:58"
        },
        {
            "name": "symfony/yaml",
            "version": "v2.6.9",
            "target-dir": "Symfony/Component/Yaml",
            "source": {
                "type": "git",
                "url": "https://github.com/symfony/Yaml.git",
                "reference": "f157ab074e453ecd4c0fa775f721f6e67a99d9e2"
            },
            "dist": {
                "type": "zip",
                "url": "https://api.github.com/repos/symfony/Yaml/zipball/f157ab074e453ecd4c0fa775f721f6e67a99d9e2",
                "reference": "f157ab074e453ecd4c0fa775f721f6e67a99d9e2",
                "shasum": ""
            },
            "require": {
                "php": ">=5.3.3"
            },
            "require-dev": {
                "symfony/phpunit-bridge": "~2.7"
            },
            "type": "library",
            "extra": {
                "branch-alias": {
                    "dev-master": "2.6-dev"
                }
            },
            "autoload": {
                "psr-0": {
                    "Symfony\\Component\\Yaml\\": ""
                }
            },
            "notification-url": "https://packagist.org/downloads/",
            "license": [
                "MIT"
            ],
            "authors": [
                {
                    "name": "Fabien Potencier",
                    "email": "fabien@symfony.com"
                },
                {
                    "name": "Symfony Community",
                    "homepage": "https://symfony.com/contributors"
                }
            ],
            "description": "Symfony Yaml Component",
            "homepage": "https://symfony.com",
            "time": "2015-05-02 15:18:45"
        },
        {
            "name": "ttools/ttools",
            "version": "2.1.1",
            "source": {
                "type": "git",
                "url": "https://github.com/ttools/ttools.git",
                "reference": "b79692f03280336fed7bc0efc48619735c169c1e"
            },
            "dist": {
                "type": "zip",
                "url": "https://api.github.com/repos/ttools/ttools/zipball/b79692f03280336fed7bc0efc48619735c169c1e",
                "reference": "b79692f03280336fed7bc0efc48619735c169c1e",
                "shasum": ""
            },
            "type": "library",
            "autoload": {
                "psr-0": {
                    "TTools": "src/"
                }
            },
            "notification-url": "https://packagist.org/downloads/",
            "license": [
                "MIT"
            ],
            "authors": [
                {
                    "name": "Erika Heidi",
                    "email": "erika@erikaheidi.com"
                }
            ],
            "description": "A Twitter API wrapper library",
            "homepage": "http://ttools.github.io/ttools/",
            "keywords": [
                "twitter"
            ],
            "time": "2014-10-04 11:56:39"
        }
    ],
    "packages-dev": [],
    "aliases": [],
    "minimum-stability": "stable",
    "stability-flags": [],
    "prefer-stable": false,
    "prefer-lowest": false,
    "platform": [],
    "platform-dev": []
}
